{
  "lockfile_version": "1",
  "packages": {
    "github:NixOS/nixpkgs/nixpkgs-unstable": {
      "resolved": "github:NixOS/nixpkgs/e05f8bda630a0836d777d84de14b3c16eb758514?lastModified=1741555572&narHash=sha256-V7OUcWBM8pjCPsSFLZiO72oZTS6fV2FVPjT1bxqfLmo%3D"
    },
    "php82Packages.composer@latest": {
      "last_modified": "2025-02-07T20:06:47Z",
      "resolved": "github:NixOS/nixpkgs/e8d0b02af0958823c955aaab3c82b03f54411d91#php82Packages.composer",
      "source": "devbox-search",
      "version": "2.8.5",
      "systems": {
        "aarch64-darwin": {
          "outputs": [
            {
              "name": "out",
              "path": "/nix/store/qs468q1w3p4wc2kdd0zvdc8fg4bb9378-composer-2.8.5",
              "default": true
            }
          ],
          "store_path": "/nix/store/qs468q1w3p4wc2kdd0zvdc8fg4bb9378-composer-2.8.5"
        },
        "aarch64-linux": {
          "outputs": [
            {
              "name": "out",
              "path": "/nix/store/gqnjwlzv1ws1pw9wsg4axyv33bm4w28w-composer-2.8.5",
              "default": true
            }
          ],
          "store_path": "/nix/store/gqnjwlzv1ws1pw9wsg4axyv33bm4w28w-composer-2.8.5"
        },
        "x86_64-darwin": {
          "outputs": [
            {
              "name": "out",
              "path": "/nix/store/34yq2z1srfk2g5p1lrpxf4f3wdi5sqil-composer-2.8.5",
              "default": true
            }
          ],
          "store_path": "/nix/store/34yq2z1srfk2g5p1lrpxf4f3wdi5sqil-composer-2.8.5"
        },
        "x86_64-linux": {
          "outputs": [
            {
              "name": "out",
              "path": "/nix/store/18ksy9m5yfngpclrs4vl7diz9g0g1gip-composer-2.8.5",
              "default": true
            }
          ],
          "store_path": "/nix/store/18ksy9m5yfngpclrs4vl7diz9g0g1gip-composer-2.8.5"
        }
      }
    },
    "php@latest": {
      "last_modified": "2025-03-16T16:17:41Z",
      "plugin_version": "0.0.3",
      "resolved": "github:NixOS/nixpkgs/8f76cf16b17c51ae0cc8e55488069593f6dab645#php84",
      "source": "devbox-search",
      "version": "8.4.5",
      "systems": {
        "aarch64-darwin": {
          "outputs": [
            {
              "name": "out",
              "path": "/nix/store/srrqc7f798mcnz0szjy7kk3z1y3r0js0-php-with-extensions-8.4.5",
              "default": true
            }
          ],
          "store_path": "/nix/store/srrqc7f798mcnz0szjy7kk3z1y3r0js0-php-with-extensions-8.4.5"
        },
        "aarch64-linux": {
          "outputs": [
            {
              "name": "out",
              "path": "/nix/store/pj6h6g7x71s7zw7liwy9jf1phhgyigww-php-with-extensions-8.4.5",
              "default": true
            }
          ],
          "store_path": "/nix/store/pj6h6g7x71s7zw7liwy9jf1phhgyigww-php-with-extensions-8.4.5"
        },
        "x86_64-darwin": {
          "outputs": [
            {
              "name": "out",
              "path": "/nix/store/l1qgxqrmsb0ax7dzk0f5q68d7lkxf6x9-php-with-extensions-8.4.5",
              "default": true
            }
          ],
          "store_path": "/nix/store/l1qgxqrmsb0ax7dzk0f5q68d7lkxf6x9-php-with-extensions-8.4.5"
        },
        "x86_64-linux": {
          "outputs": [
            {
              "name": "out",
              "path": "/nix/store/x9z4ccgfsjdq3d84ggm50x0043nmw8dm-php-with-extensions-8.4.5",
              "default": true
            }
          ],
          "store_path": "/nix/store/x9z4ccgfsjdq3d84ggm50x0043nmw8dm-php-with-extensions-8.4.5"
        }
      }
    },
    "symfony-cli@latest": {
      "last_modified": "2025-02-27T15:48:43Z",
      "resolved": "github:NixOS/nixpkgs/6c5c5f5100281f8f4ff23f13edd17d645178c87c#symfony-cli",
      "source": "devbox-search",
      "version": "5.11.0",
      "systems": {
        "aarch64-darwin": {
          "outputs": [
            {
              "name": "out",
              "path": "/nix/store/72d907ry8wjnv5j0x98353zqs7l9l8aa-symfony-cli-5.11.0",
              "default": true
            }
          ],
          "store_path": "/nix/store/72d907ry8wjnv5j0x98353zqs7l9l8aa-symfony-cli-5.11.0"
        },
        "aarch64-linux": {
          "outputs": [
            {
              "name": "out",
              "path": "/nix/store/q3fffjgj724b3fxk3xf2xiyknhgi9z0m-symfony-cli-5.11.0",
              "default": true
            }
          ],
          "store_path": "/nix/store/q3fffjgj724b3fxk3xf2xiyknhgi9z0m-symfony-cli-5.11.0"
        },
        "x86_64-darwin": {
          "outputs": [
            {
              "name": "out",
              "path": "/nix/store/ixxazr00lbal2wy3h8raim54w3c4r1x3-symfony-cli-5.11.0",
              "default": true
            }
          ],
          "store_path": "/nix/store/ixxazr00lbal2wy3h8raim54w3c4r1x3-symfony-cli-5.11.0"
        },
        "x86_64-linux": {
          "outputs": [
            {
              "name": "out",
              "path": "/nix/store/xgdmv99382ajpc24j290qn08qky5jpn7-symfony-cli-5.11.0",
              "default": true
            }
          ],
          "store_path": "/nix/store/xgdmv99382ajpc24j290qn08qky5jpn7-symfony-cli-5.11.0"
        }
      }
    }
  }
}
